
Microsoft Visual Studio Solution File, Format Version 12.00
# Visual Studio Version 16
VisualStudioVersion = 16.0.31205.134
MinimumVisualStudioVersion = 10.0.40219.1
Project("{FAE04EC0-301F-11D3-BF4B-00C04F79EFBC}") = "FileIO", "FileIO\FileIO.csproj", "{2B507DD2-D962-465A-820F-8DC50075DB23}"
EndProject
Project("{FAE04EC0-301F-11D3-BF4B-00C04F79EFBC}") = "Serialization", "Serialization\Serialization.csproj", "{0094F44A-218B-40A7-8143-C8CB81BE55DE}"
EndProject
Global
	GlobalSection(SolutionConfigurationPlatforms) = preSolution
		Debug|Any CPU = Debug|Any CPU
		Release|Any CPU = Release|Any CPU
	EndGlobalSection
	GlobalSection(ProjectConfigurationPlatforms) = postSolution
		{2B507DD2-D962-465A-820F-8DC50075DB23}.Debug|Any CPU.ActiveCfg = Debug|Any CPU
		{2B507DD2-D962-465A-820F-8DC50075DB23}.Debug|Any CPU.Build.0 = Debug|Any CPU
		{2B507DD2-D962-465A-820F-8DC50075DB23}.Release|Any CPU.ActiveCfg = Release|Any CPU
		{2B507DD2-D962-465A-820F-8DC50075DB23}.Release|Any CPU.Build.0 = Release|Any CPU
		{0094F44A-218B-40A7-8143-C8CB81BE55DE}.Debug|Any CPU.ActiveCfg = Debug|Any CPU
		{0094F44A-218B-40A7-8143-C8CB81BE55DE}.Debug|Any CPU.Build.0 = Debug|Any CPU
		{0094F44A-218B-40A7-8143-C8CB81BE55DE}.Release|Any CPU.ActiveCfg = Release|Any CPU
		{0094F44A-218B-40A7-8143-C8CB81BE55DE}.Release|Any CPU.Build.0 = Release|Any CPU
	EndGlobalSection
	GlobalSection(SolutionProperties) = preSolution
		HideSolutionNode = FALSE
	EndGlobalSection
	GlobalSection(ExtensibilityGlobals) = postSolution
		SolutionGuid = {7B4F7AF4-1167-458E-A706-D164BF657220}
	EndGlobalSection
EndGlobal
